
Microsoft Visual Studio Solution File, Format Version 12.00
# Visual Studio 15
VisualStudioVersion = 15.0.27703.2042
MinimumVisualStudioVersion = 10.0.40219.1
Project("{FAE04EC0-301F-11D3-BF4B-00C04F79EFBC}") = "CoinbasePro", "CoinbasePro\CoinbasePro.csproj", "{6E176BD7-34AA-4E81-A7A0-8B7FECAE20D2}"
EndProject
Project("{FAE04EC0-301F-11D3-BF4B-00C04F79EFBC}") = "CoinbasePro.Tests", "CoinbasePro.Tests\CoinbasePro.Tests.csproj", "{91B730FC-25D8-4A53-9FED-87F24E14C103}"
EndProject
Global
	GlobalSection(SolutionConfigurationPlatforms) = preSolution
		Debug|Any CPU = Debug|Any CPU
		Release|Any CPU = Release|Any CPU
	EndGlobalSection
	GlobalSection(ProjectConfigurationPlatforms) = postSolution
		{6E176BD7-34AA-4E81-A7A0-8B7FECAE20D2}.Debug|Any CPU.ActiveCfg = Debug|Any CPU
		{6E176BD7-34AA-4E81-A7A0-8B7FECAE20D2}.Debug|Any CPU.Build.0 = Debug|Any CPU
		{6E176BD7-34AA-4E81-A7A0-8B7FECAE20D2}.Release|Any CPU.ActiveCfg = Release|Any CPU
		{6E176BD7-34AA-4E81-A7A0-8B7FECAE20D2}.Release|Any CPU.Build.0 = Release|Any CPU
		{91B730FC-25D8-4A53-9FED-87F24E14C103}.Debug|Any CPU.ActiveCfg = Debug|Any CPU
		{91B730FC-25D8-4A53-9FED-87F24E14C103}.Debug|Any CPU.Build.0 = Debug|Any CPU
		{91B730FC-25D8-4A53-9FED-87F24E14C103}.Release|Any CPU.ActiveCfg = Release|Any CPU
		{91B730FC-25D8-4A53-9FED-87F24E14C103}.Release|Any CPU.Build.0 = Release|Any CPU
	EndGlobalSection
	GlobalSection(SolutionProperties) = preSolution
		HideSolutionNode = FALSE
	EndGlobalSection
	GlobalSection(ExtensibilityGlobals) = postSolution
		SolutionGuid = {CC0AE226-2EF1-4074-84EF-5C29679D0DCA}
	EndGlobalSection
EndGlobal
